
Microsoft Visual Studio Solution File, Format Version 12.00
# Visual Studio Version 17
VisualStudioVersion = 17.12.35707.178
MinimumVisualStudioVersion = 10.0.40219.1
Project("{2150E333-8FDC-42A3-9474-1A3956D46DE8}") = "Core", "Core", "{78F75936-00E5-43B8-88B9-E406D125CCD5}"
EndProject
Project("{2150E333-8FDC-42A3-9474-1A3956D46DE8}") = "Frontends", "Frontends", "{B7562593-61FD-48EA-8B32-50198F0D4A85}"
EndProject
Project("{2150E333-8FDC-42A3-9474-1A3956D46DE8}") = "Infrastructure", "Infrastructure", "{171F1326-1A0A-403B-9362-F2610BD2E924}"
EndProject
Project("{2150E333-8FDC-42A3-9474-1A3956D46DE8}") = "Presentation", "Presentation", "{B834A9CF-E1BC-459E-A3ED-3407DE3DEE18}"
EndProject
Project("{2150E333-8FDC-42A3-9474-1A3956D46DE8}") = "Requirements", "Requirements", "{3D01DF0B-5730-4832-9704-84EDF37D38DA}"
EndProject
Project("{FAE04EC0-301F-11D3-BF4B-00C04F79EFBC}") = "CoreMovieApi.Domain", "Core\CoreMovieApi.Domain\CoreMovieApi.Domain.csproj", "{DED1C2AD-E15D-42AB-981D-D186D8DDBF1D}"
EndProject
Project("{FAE04EC0-301F-11D3-BF4B-00C04F79EFBC}") = "CoreMovieApi.Persistence", "Infrastructure\CoreMovieApi.Persistence\CoreMovieApi.Persistence.csproj", "{102B346B-C9D1-4EEA-9D1F-878436795176}"
EndProject
Project("{FAE04EC0-301F-11D3-BF4B-00C04F79EFBC}") = "CoreMovieApi.WebApi", "Presentation\CoreMovieApi.WebApi\CoreMovieApi.WebApi.csproj", "{46E0B4EE-5806-4D11-88AA-19A7D782811D}"
EndProject
Project("{FAE04EC0-301F-11D3-BF4B-00C04F79EFBC}") = "CoreMovieApi.Application", "Core\CoreMovieApi.Application\CoreMovieApi.Application.csproj", "{0CF621A1-0C03-4E3E-8078-1EC6B9B5E3A0}"
EndProject
Global
	GlobalSection(SolutionConfigurationPlatforms) = preSolution
		Debug|Any CPU = Debug|Any CPU
		Release|Any CPU = Release|Any CPU
	EndGlobalSection
	GlobalSection(ProjectConfigurationPlatforms) = postSolution
		{DED1C2AD-E15D-42AB-981D-D186D8DDBF1D}.Debug|Any CPU.ActiveCfg = Debug|Any CPU
		{DED1C2AD-E15D-42AB-981D-D186D8DDBF1D}.Debug|Any CPU.Build.0 = Debug|Any CPU
		{DED1C2AD-E15D-42AB-981D-D186D8DDBF1D}.Release|Any CPU.ActiveCfg = Release|Any CPU
		{DED1C2AD-E15D-42AB-981D-D186D8DDBF1D}.Release|Any CPU.Build.0 = Release|Any CPU
		{102B346B-C9D1-4EEA-9D1F-878436795176}.Debug|Any CPU.ActiveCfg = Debug|Any CPU
		{102B346B-C9D1-4EEA-9D1F-878436795176}.Debug|Any CPU.Build.0 = Debug|Any CPU
		{102B346B-C9D1-4EEA-9D1F-878436795176}.Release|Any CPU.ActiveCfg = Release|Any CPU
		{102B346B-C9D1-4EEA-9D1F-878436795176}.Release|Any CPU.Build.0 = Release|Any CPU
		{46E0B4EE-5806-4D11-88AA-19A7D782811D}.Debug|Any CPU.ActiveCfg = Debug|Any CPU
		{46E0B4EE-5806-4D11-88AA-19A7D782811D}.Debug|Any CPU.Build.0 = Debug|Any CPU
		{46E0B4EE-5806-4D11-88AA-19A7D782811D}.Release|Any CPU.ActiveCfg = Release|Any CPU
		{46E0B4EE-5806-4D11-88AA-19A7D782811D}.Release|Any CPU.Build.0 = Release|Any CPU
		{0CF621A1-0C03-4E3E-8078-1EC6B9B5E3A0}.Debug|Any CPU.ActiveCfg = Debug|Any CPU
		{0CF621A1-0C03-4E3E-8078-1EC6B9B5E3A0}.Debug|Any CPU.Build.0 = Debug|Any CPU
		{0CF621A1-0C03-4E3E-8078-1EC6B9B5E3A0}.Release|Any CPU.ActiveCfg = Release|Any CPU
		{0CF621A1-0C03-4E3E-8078-1EC6B9B5E3A0}.Release|Any CPU.Build.0 = Release|Any CPU
	EndGlobalSection
	GlobalSection(SolutionProperties) = preSolution
		HideSolutionNode = FALSE
	EndGlobalSection
	GlobalSection(NestedProjects) = preSolution
		{DED1C2AD-E15D-42AB-981D-D186D8DDBF1D} = {78F75936-00E5-43B8-88B9-E406D125CCD5}
		{102B346B-C9D1-4EEA-9D1F-878436795176} = {171F1326-1A0A-403B-9362-F2610BD2E924}
		{46E0B4EE-5806-4D11-88AA-19A7D782811D} = {B834A9CF-E1BC-459E-A3ED-3407DE3DEE18}
		{0CF621A1-0C03-4E3E-8078-1EC6B9B5E3A0} = {78F75936-00E5-43B8-88B9-E406D125CCD5}
	EndGlobalSection
EndGlobal
